
Microsoft Visual Studio Solution File, Format Version 12.00
# Visual Studio Version 17
VisualStudioVersion = 17.7.34024.191
MinimumVisualStudioVersion = 10.0.40219.1
Project("{FAE04EC0-301F-11D3-BF4B-00C04F79EFBC}") = "Demo[16-12]", "Demo[16-12]\Demo[16-12].csproj", "{61362FE7-4595-4293-9767-B72B04686594}"
EndProject
Global
	GlobalSection(SolutionConfigurationPlatforms) = preSolution
		Debug|Any CPU = Debug|Any CPU
		Release|Any CPU = Release|Any CPU
	EndGlobalSection
	GlobalSection(ProjectConfigurationPlatforms) = postSolution
		{61362FE7-4595-4293-9767-B72B04686594}.Debug|Any CPU.ActiveCfg = Debug|Any CPU
		{61362FE7-4595-4293-9767-B72B04686594}.Debug|Any CPU.Build.0 = Debug|Any CPU
		{61362FE7-4595-4293-9767-B72B04686594}.Release|Any CPU.ActiveCfg = Release|Any CPU
		{61362FE7-4595-4293-9767-B72B04686594}.Release|Any CPU.Build.0 = Release|Any CPU
	EndGlobalSection
	GlobalSection(SolutionProperties) = preSolution
		HideSolutionNode = FALSE
	EndGlobalSection
	GlobalSection(ExtensibilityGlobals) = postSolution
		SolutionGuid = {2823C580-9551-419F-9BEF-75EE6EB1C9DF}
	EndGlobalSection
EndGlobal
